{
  "requires": true,
  "lockfileVersion": 1,
  "dependencies": {
    "lodash": {
      "version": "4.17.21",
      "resolved": "https://registry.npmjs.org/lodash/-/lodash-4.17.21.tgz",
      "integrity": "sha512-v2kDEe57lecTulaDIuNTPy3Ry4gLGJ6Z1O3vE1krgXZNrsQ+LFTGHVxVjcXPs17LhbZVGedAJv8XZ1tvj5FvSg=="
    },
    "safe": {
      "version": "0.4.7",
      "resolved": "https://registry.npmjs.org/safe/-/safe-0.4.7.tgz",
      "integrity": "sha512-zmEbKfM7YmdRtHj95dK8mdLNwwsYMq+JUSLwHDKC7Ikbu4COEhEPTuFPswwIj4g6acr18/uasBTBlU/YTyhKbg=="
    }
  }
}
